
Microsoft Visual Studio Solution File, Format Version 12.00
# Visual Studio 2012
Project("{6141683F-8A12-4E36-9623-2EB02B2C2303}") = "Safe Pad Installer", "Safe Pad Installer\Safe Pad Installer.isproj", "{01F2843A-3567-41E9-9E93-90AF9F07B7F0}"
EndProject
Global
	GlobalSection(SolutionConfigurationPlatforms) = preSolution
		CD_ROM|Default = CD_ROM|Default
		DVD-5|Default = DVD-5|Default
		SingleImage|Default = SingleImage|Default
	EndGlobalSection
	GlobalSection(ProjectConfigurationPlatforms) = postSolution
		{01F2843A-3567-41E9-9E93-90AF9F07B7F0}.CD_ROM|Default.ActiveCfg = CD_ROM
		{01F2843A-3567-41E9-9E93-90AF9F07B7F0}.CD_ROM|Default.Build.0 = CD_ROM
		{01F2843A-3567-41E9-9E93-90AF9F07B7F0}.DVD-5|Default.ActiveCfg = DVD-5
		{01F2843A-3567-41E9-9E93-90AF9F07B7F0}.DVD-5|Default.Build.0 = DVD-5
		{01F2843A-3567-41E9-9E93-90AF9F07B7F0}.SingleImage|Default.ActiveCfg = SingleImage
		{01F2843A-3567-41E9-9E93-90AF9F07B7F0}.SingleImage|Default.Build.0 = SingleImage
	EndGlobalSection
	GlobalSection(SolutionProperties) = preSolution
		HideSolutionNode = FALSE
	EndGlobalSection
EndGlobal
